
Microsoft Visual Studio Solution File, Format Version 12.00
# Visual Studio Version 17
VisualStudioVersion = 17.4.33213.308
MinimumVisualStudioVersion = 10.0.40219.1
Project("{FAE04EC0-301F-11D3-BF4B-00C04F79EFBC}") = "ClockLesserAngleCalculator", "ClockLesserAngleCalculator\ClockLesserAngleCalculator.csproj", "{3B1C0C9F-78AB-4EAE-BC8B-6F3ADC5105BC}"
EndProject
Global
	GlobalSection(SolutionConfigurationPlatforms) = preSolution
		Debug|Any CPU = Debug|Any CPU
		Release|Any CPU = Release|Any CPU
	EndGlobalSection
	GlobalSection(ProjectConfigurationPlatforms) = postSolution
		{3B1C0C9F-78AB-4EAE-BC8B-6F3ADC5105BC}.Debug|Any CPU.ActiveCfg = Debug|Any CPU
		{3B1C0C9F-78AB-4EAE-BC8B-6F3ADC5105BC}.Debug|Any CPU.Build.0 = Debug|Any CPU
		{3B1C0C9F-78AB-4EAE-BC8B-6F3ADC5105BC}.Release|Any CPU.ActiveCfg = Release|Any CPU
		{3B1C0C9F-78AB-4EAE-BC8B-6F3ADC5105BC}.Release|Any CPU.Build.0 = Release|Any CPU
	EndGlobalSection
	GlobalSection(SolutionProperties) = preSolution
		HideSolutionNode = FALSE
	EndGlobalSection
	GlobalSection(ExtensibilityGlobals) = postSolution
		SolutionGuid = {12272D09-DEB0-46A0-B532-AF358E93C071}
	EndGlobalSection
EndGlobal
